
Microsoft Visual Studio Solution File, Format Version 11.00
# Visual Studio 2010
Project("{2150E333-8FDC-42A3-9474-1A3956D46DE8}") = "Build Script", "Build Script", "{838BD0CE-B99B-44B7-9249-F3280E0ED119}"
	ProjectSection(SolutionItems) = preProject
		RunJS.build = RunJS.build
	EndProjectSection
EndProject
Project("{2150E333-8FDC-42A3-9474-1A3956D46DE8}") = "Scripts", "Scripts", "{E9692BAF-62F3-4D64-82FD-2ACBC5BE60B4}"
	ProjectSection(SolutionItems) = preProject
		src\Scripts\01-MooTools.js = src\Scripts\01-MooTools.js
		src\Scripts\02-Promise.js = src\Scripts\02-Promise.js
		src\Scripts\Scripts.build = src\Scripts\Scripts.build
	EndProjectSection
EndProject
Project("{FAE04EC0-301F-11D3-BF4B-00C04F79EFBC}") = "RunJS", "src\RunJS\RunJS.csproj", "{32D38D28-52EA-4A72-85CA-1B0FFB353086}"
EndProject
Project("{FAE04EC0-301F-11D3-BF4B-00C04F79EFBC}") = "RunJS.Core", "src\RunJS.Core\RunJS.Core.csproj", "{5DE8CDA9-08D5-4CBA-9E6D-7BA32DFDA904}"
EndProject
Project("{FAE04EC0-301F-11D3-BF4B-00C04F79EFBC}") = "RunJS.Core.Tests", "tests\RunJS.Core\RunJS.Core.Tests.csproj", "{648C63BB-143F-4B39-B567-14616B83C0A1}"
EndProject
Project("{2150E333-8FDC-42A3-9474-1A3956D46DE8}") = "Tests", "Tests", "{8B61A3C5-985F-4E07-9ED6-9B62C5D919DD}"
EndProject
Project("{2150E333-8FDC-42A3-9474-1A3956D46DE8}") = "AddIns", "AddIns", "{5111BECD-4D0A-4531-AE25-FB5E4CEF9F10}"
EndProject
Project("{FAE04EC0-301F-11D3-BF4B-00C04F79EFBC}") = "RunJS.AddIn.Utils", "src\AddIns\Utils\RunJS.AddIn.Utils.csproj", "{EA92A7C1-EB45-44BE-8D30-F955F3F1DA4A}"
EndProject
Project("{2150E333-8FDC-42A3-9474-1A3956D46DE8}") = "AddIns", "AddIns", "{3C9919AD-4CF2-4C00-8519-9F631D8757C6}"
EndProject
Project("{2150E333-8FDC-42A3-9474-1A3956D46DE8}") = "Tests", "Tests", "{8B8C5396-A2EA-4D2A-A6DA-6A92944B24ED}"
	ProjectSection(SolutionItems) = preProject
		src\Scripts\Tests\worker1.js = src\Scripts\Tests\worker1.js
	EndProjectSection
EndProject
Project("{FAE04EC0-301F-11D3-BF4B-00C04F79EFBC}") = "RunJS.AddIn.Storage", "src\AddIns\Storage\RunJS.AddIn.Storage.csproj", "{3A94DC62-1CED-4772-962D-C13068938192}"
EndProject
Project("{FAE04EC0-301F-11D3-BF4B-00C04F79EFBC}") = "RunJS.AddIn.Storage.Tests", "tests\AddIns\Storage\RunJS.AddIn.Storage.Tests.csproj", "{F7C2433F-5B4A-46B4-97FB-0508495AFED0}"
EndProject
Project("{FAE04EC0-301F-11D3-BF4B-00C04F79EFBC}") = "RunJS.AddIn.Utils.Tests", "tests\AddIns\Utils\RunJS.AddIn.Utils.Tests.csproj", "{10884C4C-D479-4416-8549-948C9A52A1ED}"
EndProject
Project("{FAE04EC0-301F-11D3-BF4B-00C04F79EFBC}") = "RunJS.AddIn.Irc", "src\AddIns\Irc\RunJS.AddIn.Irc.csproj", "{602C4CDB-73CE-4D0E-AD98-5A3E65469D76}"
EndProject
Global
	GlobalSection(SolutionConfigurationPlatforms) = preSolution
		Debug|Any CPU = Debug|Any CPU
		Debug|Mixed Platforms = Debug|Mixed Platforms
		Debug|x86 = Debug|x86
		Release|Any CPU = Release|Any CPU
		Release|Mixed Platforms = Release|Mixed Platforms
		Release|x86 = Release|x86
	EndGlobalSection
	GlobalSection(ProjectConfigurationPlatforms) = postSolution
		{32D38D28-52EA-4A72-85CA-1B0FFB353086}.Debug|Any CPU.ActiveCfg = Debug|x86
		{32D38D28-52EA-4A72-85CA-1B0FFB353086}.Debug|Mixed Platforms.ActiveCfg = Debug|x86
		{32D38D28-52EA-4A72-85CA-1B0FFB353086}.Debug|Mixed Platforms.Build.0 = Debug|x86
		{32D38D28-52EA-4A72-85CA-1B0FFB353086}.Debug|x86.ActiveCfg = Debug|x86
		{32D38D28-52EA-4A72-85CA-1B0FFB353086}.Debug|x86.Build.0 = Debug|x86
		{32D38D28-52EA-4A72-85CA-1B0FFB353086}.Release|Any CPU.ActiveCfg = Release|x86
		{32D38D28-52EA-4A72-85CA-1B0FFB353086}.Release|Mixed Platforms.ActiveCfg = Release|x86
		{32D38D28-52EA-4A72-85CA-1B0FFB353086}.Release|Mixed Platforms.Build.0 = Release|x86
		{32D38D28-52EA-4A72-85CA-1B0FFB353086}.Release|x86.ActiveCfg = Release|x86
		{32D38D28-52EA-4A72-85CA-1B0FFB353086}.Release|x86.Build.0 = Release|x86
		{5DE8CDA9-08D5-4CBA-9E6D-7BA32DFDA904}.Debug|Any CPU.ActiveCfg = Debug|Any CPU
		{5DE8CDA9-08D5-4CBA-9E6D-7BA32DFDA904}.Debug|Any CPU.Build.0 = Debug|Any CPU
		{5DE8CDA9-08D5-4CBA-9E6D-7BA32DFDA904}.Debug|Mixed Platforms.ActiveCfg = Debug|Any CPU
		{5DE8CDA9-08D5-4CBA-9E6D-7BA32DFDA904}.Debug|Mixed Platforms.Build.0 = Debug|Any CPU
		{5DE8CDA9-08D5-4CBA-9E6D-7BA32DFDA904}.Debug|x86.ActiveCfg = Debug|Any CPU
		{5DE8CDA9-08D5-4CBA-9E6D-7BA32DFDA904}.Release|Any CPU.ActiveCfg = Release|Any CPU
		{5DE8CDA9-08D5-4CBA-9E6D-7BA32DFDA904}.Release|Any CPU.Build.0 = Release|Any CPU
		{5DE8CDA9-08D5-4CBA-9E6D-7BA32DFDA904}.Release|Mixed Platforms.ActiveCfg = Release|Any CPU
		{5DE8CDA9-08D5-4CBA-9E6D-7BA32DFDA904}.Release|Mixed Platforms.Build.0 = Release|Any CPU
		{5DE8CDA9-08D5-4CBA-9E6D-7BA32DFDA904}.Release|x86.ActiveCfg = Release|Any CPU
		{648C63BB-143F-4B39-B567-14616B83C0A1}.Debug|Any CPU.ActiveCfg = Debug|Any CPU
		{648C63BB-143F-4B39-B567-14616B83C0A1}.Debug|Any CPU.Build.0 = Debug|Any CPU
		{648C63BB-143F-4B39-B567-14616B83C0A1}.Debug|Mixed Platforms.ActiveCfg = Debug|Any CPU
		{648C63BB-143F-4B39-B567-14616B83C0A1}.Debug|Mixed Platforms.Build.0 = Debug|Any CPU
		{648C63BB-143F-4B39-B567-14616B83C0A1}.Debug|x86.ActiveCfg = Debug|Any CPU
		{648C63BB-143F-4B39-B567-14616B83C0A1}.Release|Any CPU.ActiveCfg = Release|Any CPU
		{648C63BB-143F-4B39-B567-14616B83C0A1}.Release|Any CPU.Build.0 = Release|Any CPU
		{648C63BB-143F-4B39-B567-14616B83C0A1}.Release|Mixed Platforms.ActiveCfg = Release|Any CPU
		{648C63BB-143F-4B39-B567-14616B83C0A1}.Release|Mixed Platforms.Build.0 = Release|Any CPU
		{648C63BB-143F-4B39-B567-14616B83C0A1}.Release|x86.ActiveCfg = Release|Any CPU
		{EA92A7C1-EB45-44BE-8D30-F955F3F1DA4A}.Debug|Any CPU.ActiveCfg = Debug|Any CPU
		{EA92A7C1-EB45-44BE-8D30-F955F3F1DA4A}.Debug|Any CPU.Build.0 = Debug|Any CPU
		{EA92A7C1-EB45-44BE-8D30-F955F3F1DA4A}.Debug|Mixed Platforms.ActiveCfg = Debug|Any CPU
		{EA92A7C1-EB45-44BE-8D30-F955F3F1DA4A}.Debug|Mixed Platforms.Build.0 = Debug|Any CPU
		{EA92A7C1-EB45-44BE-8D30-F955F3F1DA4A}.Debug|x86.ActiveCfg = Debug|Any CPU
		{EA92A7C1-EB45-44BE-8D30-F955F3F1DA4A}.Release|Any CPU.ActiveCfg = Release|Any CPU
		{EA92A7C1-EB45-44BE-8D30-F955F3F1DA4A}.Release|Any CPU.Build.0 = Release|Any CPU
		{EA92A7C1-EB45-44BE-8D30-F955F3F1DA4A}.Release|Mixed Platforms.ActiveCfg = Release|Any CPU
		{EA92A7C1-EB45-44BE-8D30-F955F3F1DA4A}.Release|Mixed Platforms.Build.0 = Release|Any CPU
		{EA92A7C1-EB45-44BE-8D30-F955F3F1DA4A}.Release|x86.ActiveCfg = Release|Any CPU
		{3A94DC62-1CED-4772-962D-C13068938192}.Debug|Any CPU.ActiveCfg = Debug|Any CPU
		{3A94DC62-1CED-4772-962D-C13068938192}.Debug|Any CPU.Build.0 = Debug|Any CPU
		{3A94DC62-1CED-4772-962D-C13068938192}.Debug|Mixed Platforms.ActiveCfg = Debug|Any CPU
		{3A94DC62-1CED-4772-962D-C13068938192}.Debug|Mixed Platforms.Build.0 = Debug|Any CPU
		{3A94DC62-1CED-4772-962D-C13068938192}.Debug|x86.ActiveCfg = Debug|Any CPU
		{3A94DC62-1CED-4772-962D-C13068938192}.Release|Any CPU.ActiveCfg = Release|Any CPU
		{3A94DC62-1CED-4772-962D-C13068938192}.Release|Any CPU.Build.0 = Release|Any CPU
		{3A94DC62-1CED-4772-962D-C13068938192}.Release|Mixed Platforms.ActiveCfg = Release|Any CPU
		{3A94DC62-1CED-4772-962D-C13068938192}.Release|Mixed Platforms.Build.0 = Release|Any CPU
		{3A94DC62-1CED-4772-962D-C13068938192}.Release|x86.ActiveCfg = Release|Any CPU
		{F7C2433F-5B4A-46B4-97FB-0508495AFED0}.Debug|Any CPU.ActiveCfg = Debug|Any CPU
		{F7C2433F-5B4A-46B4-97FB-0508495AFED0}.Debug|Any CPU.Build.0 = Debug|Any CPU
		{F7C2433F-5B4A-46B4-97FB-0508495AFED0}.Debug|Mixed Platforms.ActiveCfg = Debug|Any CPU
		{F7C2433F-5B4A-46B4-97FB-0508495AFED0}.Debug|Mixed Platforms.Build.0 = Debug|Any CPU
		{F7C2433F-5B4A-46B4-97FB-0508495AFED0}.Debug|x86.ActiveCfg = Debug|Any CPU
		{F7C2433F-5B4A-46B4-97FB-0508495AFED0}.Release|Any CPU.ActiveCfg = Release|Any CPU
		{F7C2433F-5B4A-46B4-97FB-0508495AFED0}.Release|Any CPU.Build.0 = Release|Any CPU
		{F7C2433F-5B4A-46B4-97FB-0508495AFED0}.Release|Mixed Platforms.ActiveCfg = Release|Any CPU
		{F7C2433F-5B4A-46B4-97FB-0508495AFED0}.Release|Mixed Platforms.Build.0 = Release|Any CPU
		{F7C2433F-5B4A-46B4-97FB-0508495AFED0}.Release|x86.ActiveCfg = Release|Any CPU
		{10884C4C-D479-4416-8549-948C9A52A1ED}.Debug|Any CPU.ActiveCfg = Debug|Any CPU
		{10884C4C-D479-4416-8549-948C9A52A1ED}.Debug|Any CPU.Build.0 = Debug|Any CPU
		{10884C4C-D479-4416-8549-948C9A52A1ED}.Debug|Mixed Platforms.ActiveCfg = Debug|Any CPU
		{10884C4C-D479-4416-8549-948C9A52A1ED}.Debug|Mixed Platforms.Build.0 = Debug|Any CPU
		{10884C4C-D479-4416-8549-948C9A52A1ED}.Debug|x86.ActiveCfg = Debug|Any CPU
		{10884C4C-D479-4416-8549-948C9A52A1ED}.Release|Any CPU.ActiveCfg = Release|Any CPU
		{10884C4C-D479-4416-8549-948C9A52A1ED}.Release|Any CPU.Build.0 = Release|Any CPU
		{10884C4C-D479-4416-8549-948C9A52A1ED}.Release|Mixed Platforms.ActiveCfg = Release|Any CPU
		{10884C4C-D479-4416-8549-948C9A52A1ED}.Release|Mixed Platforms.Build.0 = Release|Any CPU
		{10884C4C-D479-4416-8549-948C9A52A1ED}.Release|x86.ActiveCfg = Release|Any CPU
		{602C4CDB-73CE-4D0E-AD98-5A3E65469D76}.Debug|Any CPU.ActiveCfg = Debug|Any CPU
		{602C4CDB-73CE-4D0E-AD98-5A3E65469D76}.Debug|Any CPU.Build.0 = Debug|Any CPU
		{602C4CDB-73CE-4D0E-AD98-5A3E65469D76}.Debug|Mixed Platforms.ActiveCfg = Debug|Any CPU
		{602C4CDB-73CE-4D0E-AD98-5A3E65469D76}.Debug|Mixed Platforms.Build.0 = Debug|Any CPU
		{602C4CDB-73CE-4D0E-AD98-5A3E65469D76}.Debug|x86.ActiveCfg = Debug|Any CPU
		{602C4CDB-73CE-4D0E-AD98-5A3E65469D76}.Release|Any CPU.ActiveCfg = Release|Any CPU
		{602C4CDB-73CE-4D0E-AD98-5A3E65469D76}.Release|Any CPU.Build.0 = Release|Any CPU
		{602C4CDB-73CE-4D0E-AD98-5A3E65469D76}.Release|Mixed Platforms.ActiveCfg = Release|Any CPU
		{602C4CDB-73CE-4D0E-AD98-5A3E65469D76}.Release|Mixed Platforms.Build.0 = Release|Any CPU
		{602C4CDB-73CE-4D0E-AD98-5A3E65469D76}.Release|x86.ActiveCfg = Release|Any CPU
	EndGlobalSection
	GlobalSection(SolutionProperties) = preSolution
		HideSolutionNode = FALSE
	EndGlobalSection
	GlobalSection(NestedProjects) = preSolution
		{8B8C5396-A2EA-4D2A-A6DA-6A92944B24ED} = {E9692BAF-62F3-4D64-82FD-2ACBC5BE60B4}
		{648C63BB-143F-4B39-B567-14616B83C0A1} = {8B61A3C5-985F-4E07-9ED6-9B62C5D919DD}
		{3C9919AD-4CF2-4C00-8519-9F631D8757C6} = {8B61A3C5-985F-4E07-9ED6-9B62C5D919DD}
		{EA92A7C1-EB45-44BE-8D30-F955F3F1DA4A} = {5111BECD-4D0A-4531-AE25-FB5E4CEF9F10}
		{3A94DC62-1CED-4772-962D-C13068938192} = {5111BECD-4D0A-4531-AE25-FB5E4CEF9F10}
		{602C4CDB-73CE-4D0E-AD98-5A3E65469D76} = {5111BECD-4D0A-4531-AE25-FB5E4CEF9F10}
		{F7C2433F-5B4A-46B4-97FB-0508495AFED0} = {3C9919AD-4CF2-4C00-8519-9F631D8757C6}
		{10884C4C-D479-4416-8549-948C9A52A1ED} = {3C9919AD-4CF2-4C00-8519-9F631D8757C6}
	EndGlobalSection
EndGlobal
